
Microsoft Visual Studio Solution File, Format Version 12.00
# Visual Studio Version 17
VisualStudioVersion = 17.3.32901.215
MinimumVisualStudioVersion = 10.0.40219.1
Project("{FAE04EC0-301F-11D3-BF4B-00C04F79EFBC}") = "SmartApiClient", "SmartApiClient\SmartApiClient.csproj", "{B2823945-866F-4A0D-98A4-0F4234058F37}"
EndProject
Global
	GlobalSection(SolutionConfigurationPlatforms) = preSolution
		Debug|Any CPU = Debug|Any CPU
		Release|Any CPU = Release|Any CPU
	EndGlobalSection
	GlobalSection(ProjectConfigurationPlatforms) = postSolution
		{B2823945-866F-4A0D-98A4-0F4234058F37}.Debug|Any CPU.ActiveCfg = Debug|Any CPU
		{B2823945-866F-4A0D-98A4-0F4234058F37}.Debug|Any CPU.Build.0 = Debug|Any CPU
		{B2823945-866F-4A0D-98A4-0F4234058F37}.Release|Any CPU.ActiveCfg = Release|Any CPU
		{B2823945-866F-4A0D-98A4-0F4234058F37}.Release|Any CPU.Build.0 = Release|Any CPU
	EndGlobalSection
	GlobalSection(SolutionProperties) = preSolution
		HideSolutionNode = FALSE
	EndGlobalSection
	GlobalSection(ExtensibilityGlobals) = postSolution
		SolutionGuid = {4410B82F-611A-4A16-84C9-BADEF6595AFB}
	EndGlobalSection
EndGlobal
